
Microsoft Visual Studio Solution File, Format Version 12.00
# Visual Studio 15
VisualStudioVersion = 15.0.28010.2036
MinimumVisualStudioVersion = 10.0.40219.1
Project("{E24C65DC-7377-472B-9ABA-BC803B73C61A}") = "Res", ".", "{85AD6D33-919D-4EC2-B099-ED3C888EA4B1}"
	ProjectSection(WebsiteProperties) = preProject
		TargetFrameworkMoniker = ".NETFramework,Version%3Dv4.0"
		Debug.AspNetCompiler.VirtualPath = "/localhost_7396"
		Debug.AspNetCompiler.PhysicalPath = "..\Res\"
		Debug.AspNetCompiler.TargetPath = "PrecompiledWeb\localhost_7396\"
		Debug.AspNetCompiler.Updateable = "true"
		Debug.AspNetCompiler.ForceOverwrite = "true"
		Debug.AspNetCompiler.FixedNames = "false"
		Debug.AspNetCompiler.Debug = "True"
		Release.AspNetCompiler.VirtualPath = "/localhost_7396"
		Release.AspNetCompiler.PhysicalPath = "..\Res\"
		Release.AspNetCompiler.TargetPath = "PrecompiledWeb\localhost_7396\"
		Release.AspNetCompiler.Updateable = "true"
		Release.AspNetCompiler.ForceOverwrite = "true"
		Release.AspNetCompiler.FixedNames = "false"
		Release.AspNetCompiler.Debug = "False"
		VWDPort = "7396"
		SlnRelativePath = "..\Res\"
	EndProjectSection
EndProject
Global
	GlobalSection(SolutionConfigurationPlatforms) = preSolution
		Debug|Any CPU = Debug|Any CPU
	EndGlobalSection
	GlobalSection(ProjectConfigurationPlatforms) = postSolution
		{85AD6D33-919D-4EC2-B099-ED3C888EA4B1}.Debug|Any CPU.ActiveCfg = Debug|Any CPU
		{85AD6D33-919D-4EC2-B099-ED3C888EA4B1}.Debug|Any CPU.Build.0 = Debug|Any CPU
	EndGlobalSection
	GlobalSection(SolutionProperties) = preSolution
		HideSolutionNode = FALSE
	EndGlobalSection
	GlobalSection(ExtensibilityGlobals) = postSolution
		SolutionGuid = {256B76AA-85D2-4FD7-B149-7C0FEC9494E1}
	EndGlobalSection
EndGlobal
